// !$*UTF8*$!
{
	archiveVersion = 1;
	classes = {
	};
	objectVersion = 56;
	objects = {

/* Begin PBXBuildFile section */
		E993CED52C6D610400CD6404 /* PokemonDictionaries.swift in Sources */ = {isa = PBXBuildFile; fileRef = E993CED42C6D610400CD6404 /* PokemonDictionaries.swift */; };
		E993CED82C6D6A2000CD6404 /* SDWebImageSwiftUI in Frameworks */ = {isa = PBXBuildFile; productRef = E993CED72C6D6A2000CD6404 /* SDWebImageSwiftUI */; };
		E9AA28B92C6EB9890061AE44 /* PokemonDetail.swift in Sources */ = {isa = PBXBuildFile; fileRef = E9AA28B82C6EB9890061AE44 /* PokemonDetail.swift */; };
		E9FBC1242C6AAF9100483C8E /* Poke_Api_DemoApp.swift in Sources */ = {isa = PBXBuildFile; fileRef = E9FBC1232C6AAF9100483C8E /* Poke_Api_DemoApp.swift */; };
		E9FBC1262C6AAF9100483C8E /* PokemonListView.swift in Sources */ = {isa = PBXBuildFile; fileRef = E9FBC1252C6AAF9100483C8E /* PokemonListView.swift */; };
		E9FBC1282C6AAF9300483C8E /* Assets.xcassets in Resources */ = {isa = PBXBuildFile; fileRef = E9FBC1272C6AAF9300483C8E /* Assets.xcassets */; };
		E9FBC12B2C6AAF9300483C8E /* Preview Assets.xcassets in Resources */ = {isa = PBXBuildFile; fileRef = E9FBC12A2C6AAF9300483C8E /* Preview Assets.xcassets */; };
		E9FBC1332C6AB08800483C8E /* PokemonModel.swift in Sources */ = {isa = PBXBuildFile; fileRef = E9FBC1322C6AB08800483C8E /* PokemonModel.swift */; };
		E9FBC1362C6ABA5700483C8E /* ApiNetwork.swift in Sources */ = {isa = PBXBuildFile; fileRef = E9FBC1352C6ABA5700483C8E /* ApiNetwork.swift */; };
/* End PBXBuildFile section */

/* Begin PBXFileReference section */
		E993CED42C6D610400CD6404 /* PokemonDictionaries.swift */ = {isa = PBXFileReference; lastKnownFileType = sourcecode.swift; path = PokemonDictionaries.swift; sourceTree = "<group>"; };
		E9AA28B82C6EB9890061AE44 /* PokemonDetail.swift */ = {isa = PBXFileReference; lastKnownFileType = sourcecode.swift; path = PokemonDetail.swift; sourceTree = "<group>"; };
		E9FBC1202C6AAF9100483C8E /* Poke Api Demo.app */ = {isa = PBXFileReference; explicitFileType = wrapper.application; includeInIndex = 0; path = "Poke Api Demo.app"; sourceTree = BUILT_PRODUCTS_DIR; };
		E9FBC1232C6AAF9100483C8E /* Poke_Api_DemoApp.swift */ = {isa = PBXFileReference; lastKnownFileType = sourcecode.swift; path = Poke_Api_DemoApp.swift; sourceTree = "<group>"; };
		E9FBC1252C6AAF9100483C8E /* PokemonListView.swift */ = {isa = PBXFileReference; lastKnownFileType = sourcecode.swift; path = PokemonListView.swift; sourceTree = "<group>"; };
		E9FBC1272C6AAF9300483C8E /* Assets.xcassets */ = {isa = PBXFileReference; lastKnownFileType = folder.assetcatalog; path = Assets.xcassets; sourceTree = "<group>"; };
		E9FBC12A2C6AAF9300483C8E /* Preview Assets.xcassets */ = {isa = PBXFileReference; lastKnownFileType = folder.assetcatalog; path = "Preview Assets.xcassets"; sourceTree = "<group>"; };
		E9FBC1322C6AB08800483C8E /* PokemonModel.swift */ = {isa = PBXFileReference; lastKnownFileType = sourcecode.swift; path = PokemonModel.swift; sourceTree = "<group>"; };
		E9FBC1352C6ABA5700483C8E /* ApiNetwork.swift */ = {isa = PBXFileReference; lastKnownFileType = sourcecode.swift; path = ApiNetwork.swift; sourceTree = "<group>"; };
/* End PBXFileReference section */

/* Begin PBXFrameworksBuildPhase section */
		E9FBC11D2C6AAF9000483C8E /* Frameworks */ = {
			isa = PBXFrameworksBuildPhase;
			buildActionMask = 2147483647;
			files = (
				E993CED82C6D6A2000CD6404 /* SDWebImageSwiftUI in Frameworks */,
			);
			runOnlyForDeploymentPostprocessing = 0;
		};
/* End PBXFrameworksBuildPhase section */

/* Begin PBXGroup section */
		E9FBC1172C6AAF9000483C8E = {
			isa = PBXGroup;
			children = (
				E9FBC1222C6AAF9100483C8E /* Poke Api Demo */,
				E9FBC1212C6AAF9100483C8E /* Products */,
			);
			sourceTree = "<group>";
		};
		E9FBC1212C6AAF9100483C8E /* Products */ = {
			isa = PBXGroup;
			children = (
				E9FBC1202C6AAF9100483C8E /* Poke Api Demo.app */,
			);
			name = Products;
			sourceTree = "<group>";
		};
		E9FBC1222C6AAF9100483C8E /* Poke Api Demo */ = {
			isa = PBXGroup;
			children = (
				E9FBC1342C6ABA4100483C8E /* api_data */,
				E9FBC1312C6AB06400483C8E /* models */,
				E9FBC1232C6AAF9100483C8E /* Poke_Api_DemoApp.swift */,
				E993CED42C6D610400CD6404 /* PokemonDictionaries.swift */,
				E9FBC1252C6AAF9100483C8E /* PokemonListView.swift */,
				E9AA28B82C6EB9890061AE44 /* PokemonDetail.swift */,
				E9FBC1272C6AAF9300483C8E /* Assets.xcassets */,
				E9FBC1292C6AAF9300483C8E /* Preview Content */,
			);
			path = "Poke Api Demo";
			sourceTree = "<group>";
		};
		E9FBC1292C6AAF9300483C8E /* Preview Content */ = {
			isa = PBXGroup;
			children = (
				E9FBC12A2C6AAF9300483C8E /* Preview Assets.xcassets */,
			);
			path = "Preview Content";
			sourceTree = "<group>";
		};
		E9FBC1312C6AB06400483C8E /* models */ = {
			isa = PBXGroup;
			children = (
				E9FBC1322C6AB08800483C8E /* PokemonModel.swift */,
			);
			path = models;
			sourceTree = "<group>";
		};
		E9FBC1342C6ABA4100483C8E /* api_data */ = {
			isa = PBXGroup;
			children = (
				E9FBC1352C6ABA5700483C8E /* ApiNetwork.swift */,
			);
			path = api_data;
			sourceTree = "<group>";
		};
/* End PBXGroup section */

/* Begin PBXNativeTarget section */
		E9FBC11F2C6AAF9000483C8E /* Poke Api Demo */ = {
			isa = PBXNativeTarget;
			buildConfigurationList = E9FBC12E2C6AAF9300483C8E /* Build configuration list for PBXNativeTarget "Poke Api Demo" */;
			buildPhases = (
				E9FBC11C2C6AAF9000483C8E /* Sources */,
				E9FBC11D2C6AAF9000483C8E /* Frameworks */,
				E9FBC11E2C6AAF9000483C8E /* Resources */,
			);
			buildRules = (
			);
			dependencies = (
			);
			name = "Poke Api Demo";
			packageProductDependencies = (
				E993CED72C6D6A2000CD6404 /* SDWebImageSwiftUI */,
			);
			productName = "Poke Api Demo";
			productReference = E9FBC1202C6AAF9100483C8E /* Poke Api Demo.app */;
			productType = "com.apple.product-type.application";
		};
/* End PBXNativeTarget section */

/* Begin PBXProject section */
		E9FBC1182C6AAF9000483C8E /* Project object */ = {
			isa = PBXProject;
			attributes = {
				BuildIndependentTargetsInParallel = 1;
				LastSwiftUpdateCheck = 1530;
				LastUpgradeCheck = 1530;
				TargetAttributes = {
					E9FBC11F2C6AAF9000483C8E = {
						CreatedOnToolsVersion = 15.3;
					};
				};
			};
			buildConfigurationList = E9FBC11B2C6AAF9000483C8E /* Build configuration list for PBXProject "Poke Api Demo" */;
			compatibilityVersion = "Xcode 14.0";
			developmentRegion = en;
			hasScannedForEncodings = 0;
			knownRegions = (
				en,
				Base,
			);
			mainGroup = E9FBC1172C6AAF9000483C8E;
			packageReferences = (
				E993CED62C6D6A2000CD6404 /* XCRemoteSwiftPackageReference "SDWebImageSwiftUI" */,
			);
			productRefGroup = E9FBC1212C6AAF9100483C8E /* Products */;
			projectDirPath = "";
			projectRoot = "";
			targets = (
				E9FBC11F2C6AAF9000483C8E /* Poke Api Demo */,
			);
		};
/* End PBXProject section */

/* Begin PBXResourcesBuildPhase section */
		E9FBC11E2C6AAF9000483C8E /* Resources */ = {
			isa = PBXResourcesBuildPhase;
			buildActionMask = 2147483647;
			files = (
				E9FBC12B2C6AAF9300483C8E /* Preview Assets.xcassets in Resources */,
				E9FBC1282C6AAF9300483C8E /* Assets.xcassets in Resources */,
			);
			runOnlyForDeploymentPostprocessing = 0;
		};
/* End PBXResourcesBuildPhase section */

/* Begin PBXSourcesBuildPhase section */
		E9FBC11C2C6AAF9000483C8E /* Sources */ = {
			isa = PBXSourcesBuildPhase;
			buildActionMask = 2147483647;
			files = (
				E9FBC1262C6AAF9100483C8E /* PokemonListView.swift in Sources */,
				E9FBC1332C6AB08800483C8E /* PokemonModel.swift in Sources */,
				E9FBC1242C6AAF9100483C8E /* Poke_Api_DemoApp.swift in Sources */,
				E9FBC1362C6ABA5700483C8E /* ApiNetwork.swift in Sources */,
				E9AA28B92C6EB9890061AE44 /* PokemonDetail.swift in Sources */,
				E993CED52C6D610400CD6404 /* PokemonDictionaries.swift in Sources */,
			);
			runOnlyForDeploymentPostprocessing = 0;
		};
/* End PBXSourcesBuildPhase section */

/* Begin XCBuildConfiguration section */
		E9FBC12C2C6AAF9300483C8E /* Debug */ = {
			isa = XCBuildConfiguration;
			buildSettings = {
				ALWAYS_SEARCH_USER_PATHS = NO;
				ASSETCATALOG_COMPILER_GENERATE_SWIFT_ASSET_SYMBOL_EXTENSIONS = YES;
				CLANG_ANALYZER_NONNULL = YES;
				CLANG_ANALYZER_NUMBER_OBJECT_CONVERSION = YES_AGGRESSIVE;
				CLANG_CXX_LANGUAGE_STANDARD = "gnu++20";
				CLANG_ENABLE_MODULES = YES;
				CLANG_ENABLE_OBJC_ARC = YES;
				CLANG_ENABLE_OBJC_WEAK = YES;
				CLANG_WARN_BLOCK_CAPTURE_AUTORELEASING = YES;
				CLANG_WARN_BOOL_CONVERSION = YES;
				CLANG_WARN_COMMA = YES;
				CLANG_WARN_CONSTANT_CONVERSION = YES;
				CLANG_WARN_DEPRECATED_OBJC_IMPLEMENTATIONS = YES;
				CLANG_WARN_DIRECT_OBJC_ISA_USAGE = YES_ERROR;
				CLANG_WARN_DOCUMENTATION_COMMENTS = YES;
				CLANG_WARN_EMPTY_BODY = YES;
				CLANG_WARN_ENUM_CONVERSION = YES;
				CLANG_WARN_INFINITE_RECURSION = YES;
				CLANG_WARN_INT_CONVERSION = YES;
				CLANG_WARN_NON_LITERAL_NULL_CONVERSION = YES;
				CLANG_WARN_OBJC_IMPLICIT_RETAIN_SELF = YES;
				CLANG_WARN_OBJC_LITERAL_CONVERSION = YES;
				CLANG_WARN_OBJC_ROOT_CLASS = YES_ERROR;
				CLANG_WARN_QUOTED_INCLUDE_IN_FRAMEWORK_HEADER = YES;
				CLANG_WARN_RANGE_LOOP_ANALYSIS = YES;
				CLANG_WARN_STRICT_PROTOTYPES = YES;
				CLANG_WARN_SUSPICIOUS_MOVE = YES;
				CLANG_WARN_UNGUARDED_AVAILABILITY = YES_AGGRESSIVE;
				CLANG_WARN_UNREACHABLE_CODE = YES;
				CLANG_WARN__DUPLICATE_METHOD_MATCH = YES;
				COPY_PHASE_STRIP = NO;
				DEBUG_INFORMATION_FORMAT = dwarf;
				ENABLE_STRICT_OBJC_MSGSEND = YES;
				ENABLE_TESTABILITY = YES;
				ENABLE_USER_SCRIPT_SANDBOXING = YES;
				GCC_C_LANGUAGE_STANDARD = gnu17;
				GCC_DYNAMIC_NO_PIC = NO;
				GCC_NO_COMMON_BLOCKS = YES;
				GCC_OPTIMIZATION_LEVEL = 0;
				GCC_PREPROCESSOR_DEFINITIONS = (
					"DEBUG=1",
					"$(inherited)",
				);
				GCC_WARN_64_TO_32_BIT_CONVERSION = YES;
				GCC_WARN_ABOUT_RETURN_TYPE = YES_ERROR;
				GCC_WARN_UNDECLARED_SELECTOR = YES;
				GCC_WARN_UNINITIALIZED_AUTOS = YES_AGGRESSIVE;
				GCC_WARN_UNUSED_FUNCTION = YES;
				GCC_WARN_UNUSED_VARIABLE = YES;
				IPHONEOS_DEPLOYMENT_TARGET = 17.4;
				LOCALIZATION_PREFERS_STRING_CATALOGS = YES;
				MTL_ENABLE_DEBUG_INFO = INCLUDE_SOURCE;
				MTL_FAST_MATH = YES;
				ONLY_ACTIVE_ARCH = YES;
				SDKROOT = iphoneos;
				SWIFT_ACTIVE_COMPILATION_CONDITIONS = "DEBUG $(inherited)";
				SWIFT_OPTIMIZATION_LEVEL = "-Onone";
			};
			name = Debug;
		};
		E9FBC12D2C6AAF9300483C8E /* Release */ = {
			isa = XCBuildConfiguration;
			buildSettings = {
				ALWAYS_SEARCH_USER_PATHS = NO;
				ASSETCATALOG_COMPILER_GENERATE_SWIFT_ASSET_SYMBOL_EXTENSIONS = YES;
				CLANG_ANALYZER_NONNULL = YES;
				CLANG_ANALYZER_NUMBER_OBJECT_CONVERSION = YES_AGGRESSIVE;
				CLANG_CXX_LANGUAGE_STANDARD = "gnu++20";
				CLANG_ENABLE_MODULES = YES;
				CLANG_ENABLE_OBJC_ARC = YES;
				CLANG_ENABLE_OBJC_WEAK = YES;
				CLANG_WARN_BLOCK_CAPTURE_AUTORELEASING = YES;
				CLANG_WARN_BOOL_CONVERSION = YES;
				CLANG_WARN_COMMA = YES;
				CLANG_WARN_CONSTANT_CONVERSION = YES;
				CLANG_WARN_DEPRECATED_OBJC_IMPLEMENTATIONS = YES;
				CLANG_WARN_DIRECT_OBJC_ISA_USAGE = YES_ERROR;
				CLANG_WARN_DOCUMENTATION_COMMENTS = YES;
				CLANG_WARN_EMPTY_BODY = YES;
				CLANG_WARN_ENUM_CONVERSION = YES;
				CLANG_WARN_INFINITE_RECURSION = YES;
				CLANG_WARN_INT_CONVERSION = YES;
				CLANG_WARN_NON_LITERAL_NULL_CONVERSION = YES;
				CLANG_WARN_OBJC_IMPLICIT_RETAIN_SELF = YES;
				CLANG_WARN_OBJC_LITERAL_CONVERSION = YES;
				CLANG_WARN_OBJC_ROOT_CLASS = YES_ERROR;
				CLANG_WARN_QUOTED_INCLUDE_IN_FRAMEWORK_HEADER = YES;
				CLANG_WARN_RANGE_LOOP_ANALYSIS = YES;
				CLANG_WARN_STRICT_PROTOTYPES = YES;
				CLANG_WARN_SUSPICIOUS_MOVE = YES;
				CLANG_WARN_UNGUARDED_AVAILABILITY = YES_AGGRESSIVE;
				CLANG_WARN_UNREACHABLE_CODE = YES;
				CLANG_WARN__DUPLICATE_METHOD_MATCH = YES;
				COPY_PHASE_STRIP = NO;
				DEBUG_INFORMATION_FORMAT = "dwarf-with-dsym";
				ENABLE_NS_ASSERTIONS = NO;
				ENABLE_STRICT_OBJC_MSGSEND = YES;
				ENABLE_USER_SCRIPT_SANDBOXING = YES;
				GCC_C_LANGUAGE_STANDARD = gnu17;
				GCC_NO_COMMON_BLOCKS = YES;
				GCC_WARN_64_TO_32_BIT_CONVERSION = YES;
				GCC_WARN_ABOUT_RETURN_TYPE = YES_ERROR;
				GCC_WARN_UNDECLARED_SELECTOR = YES;
				GCC_WARN_UNINITIALIZED_AUTOS = YES_AGGRESSIVE;
				GCC_WARN_UNUSED_FUNCTION = YES;
				GCC_WARN_UNUSED_VARIABLE = YES;
				IPHONEOS_DEPLOYMENT_TARGET = 17.4;
				LOCALIZATION_PREFERS_STRING_CATALOGS = YES;
				MTL_ENABLE_DEBUG_INFO = NO;
				MTL_FAST_MATH = YES;
				SDKROOT = iphoneos;
				SWIFT_COMPILATION_MODE = wholemodule;
				VALIDATE_PRODUCT = YES;
			};
			name = Release;
		};
		E9FBC12F2C6AAF9300483C8E /* Debug */ = {
			isa = XCBuildConfiguration;
			buildSettings = {
				ASSETCATALOG_COMPILER_APPICON_NAME = AppIcon;
				ASSETCATALOG_COMPILER_GLOBAL_ACCENT_COLOR_NAME = AccentColor;
				CODE_SIGN_STYLE = Automatic;
				CURRENT_PROJECT_VERSION = 1;
				DEVELOPMENT_ASSET_PATHS = "\"Poke Api Demo/Preview Content\"";
				DEVELOPMENT_TEAM = 4PQ473896Y;
				ENABLE_PREVIEWS = YES;
				GENERATE_INFOPLIST_FILE = YES;
				INFOPLIST_KEY_UIApplicationSceneManifest_Generation = YES;
				INFOPLIST_KEY_UIApplicationSupportsIndirectInputEvents = YES;
				INFOPLIST_KEY_UILaunchScreen_Generation = YES;
				INFOPLIST_KEY_UISupportedInterfaceOrientations_iPad = "UIInterfaceOrientationPortrait UIInterfaceOrientationPortraitUpsideDown UIInterfaceOrientationLandscapeLeft UIInterfaceOrientationLandscapeRight";
				INFOPLIST_KEY_UISupportedInterfaceOrientations_iPhone = "UIInterfaceOrientationPortrait UIInterfaceOrientationLandscapeLeft UIInterfaceOrientationLandscapeRight";
				IPHONEOS_DEPLOYMENT_TARGET = 16.6;
				LD_RUNPATH_SEARCH_PATHS = (
					"$(inherited)",
					"@executable_path/Frameworks",
				);
				MARKETING_VERSION = 1.0;
				PRODUCT_BUNDLE_IDENTIFIER = "com.example.Poke-Api-Demo";
				PRODUCT_NAME = "$(TARGET_NAME)";
				SWIFT_EMIT_LOC_STRINGS = YES;
				SWIFT_VERSION = 5.0;
				TARGETED_DEVICE_FAMILY = "1,2";
			};
			name = Debug;
		};
		E9FBC1302C6AAF9300483C8E /* Release */ = {
			isa = XCBuildConfiguration;
			buildSettings = {
				ASSETCATALOG_COMPILER_APPICON_NAME = AppIcon;
				ASSETCATALOG_COMPILER_GLOBAL_ACCENT_COLOR_NAME = AccentColor;
				CODE_SIGN_STYLE = Automatic;
				CURRENT_PROJECT_VERSION = 1;
				DEVELOPMENT_ASSET_PATHS = "\"Poke Api Demo/Preview Content\"";
				DEVELOPMENT_TEAM = 4PQ473896Y;
				ENABLE_PREVIEWS = YES;
				GENERATE_INFOPLIST_FILE = YES;
				INFOPLIST_KEY_UIApplicationSceneManifest_Generation = YES;
				INFOPLIST_KEY_UIApplicationSupportsIndirectInputEvents = YES;
				INFOPLIST_KEY_UILaunchScreen_Generation = YES;
				INFOPLIST_KEY_UISupportedInterfaceOrientations_iPad = "UIInterfaceOrientationPortrait UIInterfaceOrientationPortraitUpsideDown UIInterfaceOrientationLandscapeLeft UIInterfaceOrientationLandscapeRight";
				INFOPLIST_KEY_UISupportedInterfaceOrientations_iPhone = "UIInterfaceOrientationPortrait UIInterfaceOrientationLandscapeLeft UIInterfaceOrientationLandscapeRight";
				IPHONEOS_DEPLOYMENT_TARGET = 16.6;
				LD_RUNPATH_SEARCH_PATHS = (
					"$(inherited)",
					"@executable_path/Frameworks",
				);
				MARKETING_VERSION = 1.0;
				PRODUCT_BUNDLE_IDENTIFIER = "com.example.Poke-Api-Demo";
				PRODUCT_NAME = "$(TARGET_NAME)";
				SWIFT_EMIT_LOC_STRINGS = YES;
				SWIFT_VERSION = 5.0;
				TARGETED_DEVICE_FAMILY = "1,2";
			};
			name = Release;
		};
/* End XCBuildConfiguration section */

/* Begin XCConfigurationList section */
		E9FBC11B2C6AAF9000483C8E /* Build configuration list for PBXProject "Poke Api Demo" */ = {
			isa = XCConfigurationList;
			buildConfigurations = (
				E9FBC12C2C6AAF9300483C8E /* Debug */,
				E9FBC12D2C6AAF9300483C8E /* Release */,
			);
			defaultConfigurationIsVisible = 0;
			defaultConfigurationName = Release;
		};
		E9FBC12E2C6AAF9300483C8E /* Build configuration list for PBXNativeTarget "Poke Api Demo" */ = {
			isa = XCConfigurationList;
			buildConfigurations = (
				E9FBC12F2C6AAF9300483C8E /* Debug */,
				E9FBC1302C6AAF9300483C8E /* Release */,
			);
			defaultConfigurationIsVisible = 0;
			defaultConfigurationName = Release;
		};
/* End XCConfigurationList section */

/* Begin XCRemoteSwiftPackageReference section */
		E993CED62C6D6A2000CD6404 /* XCRemoteSwiftPackageReference "SDWebImageSwiftUI" */ = {
			isa = XCRemoteSwiftPackageReference;
			repositoryURL = "https://github.com/SDWebImage/SDWebImageSwiftUI";
			requirement = {
				kind = upToNextMajorVersion;
				minimumVersion = 3.1.1;
			};
		};
/* End XCRemoteSwiftPackageReference section */

/* Begin XCSwiftPackageProductDependency section */
		E993CED72C6D6A2000CD6404 /* SDWebImageSwiftUI */ = {
			isa = XCSwiftPackageProductDependency;
			package = E993CED62C6D6A2000CD6404 /* XCRemoteSwiftPackageReference "SDWebImageSwiftUI" */;
			productName = SDWebImageSwiftUI;
		};
/* End XCSwiftPackageProductDependency section */
	};
	rootObject = E9FBC1182C6AAF9000483C8E /* Project object */;
}
